// !$*UTF8*$!
{
	archiveVersion = 1;
	classes = {
	};
	objectVersion = 56;
	objects = {

/* Begin PBXBuildFile section */
		303ABC342AF3C3B8001C81CD /* Core_BluetoothApp.swift in Sources */ = {isa = PBXBuildFile; fileRef = 303ABC332AF3C3B8001C81CD /* Core_BluetoothApp.swift */; };
		303ABC362AF3C3B8001C81CD /* ContentView.swift in Sources */ = {isa = PBXBuildFile; fileRef = 303ABC352AF3C3B8001C81CD /* ContentView.swift */; };
		303ABC382AF3C3BA001C81CD /* Assets.xcassets in Resources */ = {isa = PBXBuildFile; fileRef = 303ABC372AF3C3BA001C81CD /* Assets.xcassets */; };
		303ABC3B2AF3C3BA001C81CD /* Preview Assets.xcassets in Resources */ = {isa = PBXBuildFile; fileRef = 303ABC3A2AF3C3BA001C81CD /* Preview Assets.xcassets */; };
		303ABC452AF3C3BA001C81CD /* Core_BluetoothTests.swift in Sources */ = {isa = PBXBuildFile; fileRef = 303ABC442AF3C3BA001C81CD /* Core_BluetoothTests.swift */; };
		303ABC4F2AF3C3BA001C81CD /* Core_BluetoothUITests.swift in Sources */ = {isa = PBXBuildFile; fileRef = 303ABC4E2AF3C3BA001C81CD /* Core_BluetoothUITests.swift */; };
		303ABC512AF3C3BA001C81CD /* Core_BluetoothUITestsLaunchTests.swift in Sources */ = {isa = PBXBuildFile; fileRef = 303ABC502AF3C3BA001C81CD /* Core_BluetoothUITestsLaunchTests.swift */; };
/* End PBXBuildFile section */

/* Begin PBXContainerItemProxy section */
		303ABC412AF3C3BA001C81CD /* PBXContainerItemProxy */ = {
			isa = PBXContainerItemProxy;
			containerPortal = 303ABC282AF3C3B8001C81CD /* Project object */;
			proxyType = 1;
			remoteGlobalIDString = 303ABC2F2AF3C3B8001C81CD;
			remoteInfo = Core_Bluetooth;
		};
		303ABC4B2AF3C3BA001C81CD /* PBXContainerItemProxy */ = {
			isa = PBXContainerItemProxy;
			containerPortal = 303ABC282AF3C3B8001C81CD /* Project object */;
			proxyType = 1;
			remoteGlobalIDString = 303ABC2F2AF3C3B8001C81CD;
			remoteInfo = Core_Bluetooth;
		};
/* End PBXContainerItemProxy section */

/* Begin PBXFileReference section */
		303ABC302AF3C3B8001C81CD /* Core_Bluetooth.app */ = {isa = PBXFileReference; explicitFileType = wrapper.application; includeInIndex = 0; path = Core_Bluetooth.app; sourceTree = BUILT_PRODUCTS_DIR; };
		303ABC332AF3C3B8001C81CD /* Core_BluetoothApp.swift */ = {isa = PBXFileReference; lastKnownFileType = sourcecode.swift; path = Core_BluetoothApp.swift; sourceTree = "<group>"; };
		303ABC352AF3C3B8001C81CD /* ContentView.swift */ = {isa = PBXFileReference; lastKnownFileType = sourcecode.swift; path = ContentView.swift; sourceTree = "<group>"; };
		303ABC372AF3C3BA001C81CD /* Assets.xcassets */ = {isa = PBXFileReference; lastKnownFileType = folder.assetcatalog; path = Assets.xcassets; sourceTree = "<group>"; };
		303ABC3A2AF3C3BA001C81CD /* Preview Assets.xcassets */ = {isa = PBXFileReference; lastKnownFileType = folder.assetcatalog; path = "Preview Assets.xcassets"; sourceTree = "<group>"; };
		303ABC402AF3C3BA001C81CD /* Core_BluetoothTests.xctest */ = {isa = PBXFileReference; explicitFileType = wrapper.cfbundle; includeInIndex = 0; path = Core_BluetoothTests.xctest; sourceTree = BUILT_PRODUCTS_DIR; };
		303ABC442AF3C3BA001C81CD /* Core_BluetoothTests.swift */ = {isa = PBXFileReference; lastKnownFileType = sourcecode.swift; path = Core_BluetoothTests.swift; sourceTree = "<group>"; };
		303ABC4A2AF3C3BA001C81CD /* Core_BluetoothUITests.xctest */ = {isa = PBXFileReference; explicitFileType = wrapper.cfbundle; includeInIndex = 0; path = Core_BluetoothUITests.xctest; sourceTree = BUILT_PRODUCTS_DIR; };
		303ABC4E2AF3C3BA001C81CD /* Core_BluetoothUITests.swift */ = {isa = PBXFileReference; lastKnownFileType = sourcecode.swift; path = Core_BluetoothUITests.swift; sourceTree = "<group>"; };
		303ABC502AF3C3BA001C81CD /* Core_BluetoothUITestsLaunchTests.swift */ = {isa = PBXFileReference; lastKnownFileType = sourcecode.swift; path = Core_BluetoothUITestsLaunchTests.swift; sourceTree = "<group>"; };
/* End PBXFileReference section */

/* Begin PBXFrameworksBuildPhase section */
		303ABC2D2AF3C3B8001C81CD /* Frameworks */ = {
			isa = PBXFrameworksBuildPhase;
			buildActionMask = 2147483647;
			files = (
			);
			runOnlyForDeploymentPostprocessing = 0;
		};
		303ABC3D2AF3C3BA001C81CD /* Frameworks */ = {
			isa = PBXFrameworksBuildPhase;
			buildActionMask = 2147483647;
			files = (
			);
			runOnlyForDeploymentPostprocessing = 0;
		};
		303ABC472AF3C3BA001C81CD /* Frameworks */ = {
			isa = PBXFrameworksBuildPhase;
			buildActionMask = 2147483647;
			files = (
			);
			runOnlyForDeploymentPostprocessing = 0;
		};
/* End PBXFrameworksBuildPhase section */

/* Begin PBXGroup section */
		303ABC272AF3C3B8001C81CD = {
			isa = PBXGroup;
			children = (
				303ABC322AF3C3B8001C81CD /* Core_Bluetooth */,
				303ABC432AF3C3BA001C81CD /* Core_BluetoothTests */,
				303ABC4D2AF3C3BA001C81CD /* Core_BluetoothUITests */,
				303ABC312AF3C3B8001C81CD /* Products */,
			);
			sourceTree = "<group>";
		};
		303ABC312AF3C3B8001C81CD /* Products */ = {
			isa = PBXGroup;
			children = (
				303ABC302AF3C3B8001C81CD /* Core_Bluetooth.app */,
				303ABC402AF3C3BA001C81CD /* Core_BluetoothTests.xctest */,
				303ABC4A2AF3C3BA001C81CD /* Core_BluetoothUITests.xctest */,
			);
			name = Products;
			sourceTree = "<group>";
		};
		303ABC322AF3C3B8001C81CD /* Core_Bluetooth */ = {
			isa = PBXGroup;
			children = (
				303ABC332AF3C3B8001C81CD /* Core_BluetoothApp.swift */,
				303ABC352AF3C3B8001C81CD /* ContentView.swift */,
				303ABC372AF3C3BA001C81CD /* Assets.xcassets */,
				303ABC392AF3C3BA001C81CD /* Preview Content */,
			);
			path = Core_Bluetooth;
			sourceTree = "<group>";
		};
		303ABC392AF3C3BA001C81CD /* Preview Content */ = {
			isa = PBXGroup;
			children = (
				303ABC3A2AF3C3BA001C81CD /* Preview Assets.xcassets */,
			);
			path = "Preview Content";
			sourceTree = "<group>";
		};
		303ABC432AF3C3BA001C81CD /* Core_BluetoothTests */ = {
			isa = PBXGroup;
			children = (
				303ABC442AF3C3BA001C81CD /* Core_BluetoothTests.swift */,
			);
			path = Core_BluetoothTests;
			sourceTree = "<group>";
		};
		303ABC4D2AF3C3BA001C81CD /* Core_BluetoothUITests */ = {
			isa = PBXGroup;
			children = (
				303ABC4E2AF3C3BA001C81CD /* Core_BluetoothUITests.swift */,
				303ABC502AF3C3BA001C81CD /* Core_BluetoothUITestsLaunchTests.swift */,
			);
			path = Core_BluetoothUITests;
			sourceTree = "<group>";
		};
/* End PBXGroup section */

/* Begin PBXNativeTarget section */
		303ABC2F2AF3C3B8001C81CD /* Core_Bluetooth */ = {
			isa = PBXNativeTarget;
			buildConfigurationList = 303ABC542AF3C3BA001C81CD /* Build configuration list for PBXNativeTarget "Core_Bluetooth" */;
			buildPhases = (
				303ABC2C2AF3C3B8001C81CD /* Sources */,
				303ABC2D2AF3C3B8001C81CD /* Frameworks */,
				303ABC2E2AF3C3B8001C81CD /* Resources */,
			);
			buildRules = (
			);
			dependencies = (
			);
			name = Core_Bluetooth;
			productName = Core_Bluetooth;
			productReference = 303ABC302AF3C3B8001C81CD /* Core_Bluetooth.app */;
			productType = "com.apple.product-type.application";
		};
		303ABC3F2AF3C3BA001C81CD /* Core_BluetoothTests */ = {
			isa = PBXNativeTarget;
			buildConfigurationList = 303ABC572AF3C3BA001C81CD /* Build configuration list for PBXNativeTarget "Core_BluetoothTests" */;
			buildPhases = (
				303ABC3C2AF3C3BA001C81CD /* Sources */,
				303ABC3D2AF3C3BA001C81CD /* Frameworks */,
				303ABC3E2AF3C3BA001C81CD /* Resources */,
			);
			buildRules = (
			);
			dependencies = (
				303ABC422AF3C3BA001C81CD /* PBXTargetDependency */,
			);
			name = Core_BluetoothTests;
			productName = Core_BluetoothTests;
			productReference = 303ABC402AF3C3BA001C81CD /* Core_BluetoothTests.xctest */;
			productType = "com.apple.product-type.bundle.unit-test";
		};
		303ABC492AF3C3BA001C81CD /* Core_BluetoothUITests */ = {
			isa = PBXNativeTarget;
			buildConfigurationList = 303ABC5A2AF3C3BA001C81CD /* Build configuration list for PBXNativeTarget "Core_BluetoothUITests" */;
			buildPhases = (
				303ABC462AF3C3BA001C81CD /* Sources */,
				303ABC472AF3C3BA001C81CD /* Frameworks */,
				303ABC482AF3C3BA001C81CD /* Resources */,
			);
			buildRules = (
			);
			dependencies = (
				303ABC4C2AF3C3BA001C81CD /* PBXTargetDependency */,
			);
			name = Core_BluetoothUITests;
			productName = Core_BluetoothUITests;
			productReference = 303ABC4A2AF3C3BA001C81CD /* Core_BluetoothUITests.xctest */;
			productType = "com.apple.product-type.bundle.ui-testing";
		};
/* End PBXNativeTarget section */

/* Begin PBXProject section */
		303ABC282AF3C3B8001C81CD /* Project object */ = {
			isa = PBXProject;
			attributes = {
				BuildIndependentTargetsInParallel = 1;
				LastSwiftUpdateCheck = 1430;
				LastUpgradeCheck = 1430;
				TargetAttributes = {
					303ABC2F2AF3C3B8001C81CD = {
						CreatedOnToolsVersion = 14.3.1;
					};
					303ABC3F2AF3C3BA001C81CD = {
						CreatedOnToolsVersion = 14.3.1;
						TestTargetID = 303ABC2F2AF3C3B8001C81CD;
					};
					303ABC492AF3C3BA001C81CD = {
						CreatedOnToolsVersion = 14.3.1;
						TestTargetID = 303ABC2F2AF3C3B8001C81CD;
					};
				};
			};
			buildConfigurationList = 303ABC2B2AF3C3B8001C81CD /* Build configuration list for PBXProject "Core_Bluetooth" */;
			compatibilityVersion = "Xcode 14.0";
			developmentRegion = en;
			hasScannedForEncodings = 0;
			knownRegions = (
				en,
				Base,
			);
			mainGroup = 303ABC272AF3C3B8001C81CD;
			productRefGroup = 303ABC312AF3C3B8001C81CD /* Products */;
			projectDirPath = "";
			projectRoot = "";
			targets = (
				303ABC2F2AF3C3B8001C81CD /* Core_Bluetooth */,
				303ABC3F2AF3C3BA001C81CD /* Core_BluetoothTests */,
				303ABC492AF3C3BA001C81CD /* Core_BluetoothUITests */,
			);
		};
/* End PBXProject section */

/* Begin PBXResourcesBuildPhase section */
		303ABC2E2AF3C3B8001C81CD /* Resources */ = {
			isa = PBXResourcesBuildPhase;
			buildActionMask = 2147483647;
			files = (
				303ABC3B2AF3C3BA001C81CD /* Preview Assets.xcassets in Resources */,
				303ABC382AF3C3BA001C81CD /* Assets.xcassets in Resources */,
			);
			runOnlyForDeploymentPostprocessing = 0;
		};
		303ABC3E2AF3C3BA001C81CD /* Resources */ = {
			isa = PBXResourcesBuildPhase;
			buildActionMask = 2147483647;
			files = (
			);
			runOnlyForDeploymentPostprocessing = 0;
		};
		303ABC482AF3C3BA001C81CD /* Resources */ = {
			isa = PBXResourcesBuildPhase;
			buildActionMask = 2147483647;
			files = (
			);
			runOnlyForDeploymentPostprocessing = 0;
		};
/* End PBXResourcesBuildPhase section */

/* Begin PBXSourcesBuildPhase section */
		303ABC2C2AF3C3B8001C81CD /* Sources */ = {
			isa = PBXSourcesBuildPhase;
			buildActionMask = 2147483647;
			files = (
				303ABC362AF3C3B8001C81CD /* ContentView.swift in Sources */,
				303ABC342AF3C3B8001C81CD /* Core_BluetoothApp.swift in Sources */,
			);
			runOnlyForDeploymentPostprocessing = 0;
		};
		303ABC3C2AF3C3BA001C81CD /* Sources */ = {
			isa = PBXSourcesBuildPhase;
			buildActionMask = 2147483647;
			files = (
				303ABC452AF3C3BA001C81CD /* Core_BluetoothTests.swift in Sources */,
			);
			runOnlyForDeploymentPostprocessing = 0;
		};
		303ABC462AF3C3BA001C81CD /* Sources */ = {
			isa = PBXSourcesBuildPhase;
			buildActionMask = 2147483647;
			files = (
				303ABC512AF3C3BA001C81CD /* Core_BluetoothUITestsLaunchTests.swift in Sources */,
				303ABC4F2AF3C3BA001C81CD /* Core_BluetoothUITests.swift in Sources */,
			);
			runOnlyForDeploymentPostprocessing = 0;
		};
/* End PBXSourcesBuildPhase section */

/* Begin PBXTargetDependency section */
		303ABC422AF3C3BA001C81CD /* PBXTargetDependency */ = {
			isa = PBXTargetDependency;
			target = 303ABC2F2AF3C3B8001C81CD /* Core_Bluetooth */;
			targetProxy = 303ABC412AF3C3BA001C81CD /* PBXContainerItemProxy */;
		};
		303ABC4C2AF3C3BA001C81CD /* PBXTargetDependency */ = {
			isa = PBXTargetDependency;
			target = 303ABC2F2AF3C3B8001C81CD /* Core_Bluetooth */;
			targetProxy = 303ABC4B2AF3C3BA001C81CD /* PBXContainerItemProxy */;
		};
/* End PBXTargetDependency section */

/* Begin XCBuildConfiguration section */
		303ABC522AF3C3BA001C81CD /* Debug */ = {
			isa = XCBuildConfiguration;
			buildSettings = {
				ALWAYS_SEARCH_USER_PATHS = NO;
				CLANG_ANALYZER_NONNULL = YES;
				CLANG_ANALYZER_NUMBER_OBJECT_CONVERSION = YES_AGGRESSIVE;
				CLANG_CXX_LANGUAGE_STANDARD = "gnu++20";
				CLANG_ENABLE_MODULES = YES;
				CLANG_ENABLE_OBJC_ARC = YES;
				CLANG_ENABLE_OBJC_WEAK = YES;
				CLANG_WARN_BLOCK_CAPTURE_AUTORELEASING = YES;
				CLANG_WARN_BOOL_CONVERSION = YES;
				CLANG_WARN_COMMA = YES;
				CLANG_WARN_CONSTANT_CONVERSION = YES;
				CLANG_WARN_DEPRECATED_OBJC_IMPLEMENTATIONS = YES;
				CLANG_WARN_DIRECT_OBJC_ISA_USAGE = YES_ERROR;
				CLANG_WARN_DOCUMENTATION_COMMENTS = YES;
				CLANG_WARN_EMPTY_BODY = YES;
				CLANG_WARN_ENUM_CONVERSION = YES;
				CLANG_WARN_INFINITE_RECURSION = YES;
				CLANG_WARN_INT_CONVERSION = YES;
				CLANG_WARN_NON_LITERAL_NULL_CONVERSION = YES;
				CLANG_WARN_OBJC_IMPLICIT_RETAIN_SELF = YES;
				CLANG_WARN_OBJC_LITERAL_CONVERSION = YES;
				CLANG_WARN_OBJC_ROOT_CLASS = YES_ERROR;
				CLANG_WARN_QUOTED_INCLUDE_IN_FRAMEWORK_HEADER = YES;
				CLANG_WARN_RANGE_LOOP_ANALYSIS = YES;
				CLANG_WARN_STRICT_PROTOTYPES = YES;
				CLANG_WARN_SUSPICIOUS_MOVE = YES;
				CLANG_WARN_UNGUARDED_AVAILABILITY = YES_AGGRESSIVE;
				CLANG_WARN_UNREACHABLE_CODE = YES;
				CLANG_WARN__DUPLICATE_METHOD_MATCH = YES;
				COPY_PHASE_STRIP = NO;
				DEBUG_INFORMATION_FORMAT = dwarf;
				ENABLE_STRICT_OBJC_MSGSEND = YES;
				ENABLE_TESTABILITY = YES;
				GCC_C_LANGUAGE_STANDARD = gnu11;
				GCC_DYNAMIC_NO_PIC = NO;
				GCC_NO_COMMON_BLOCKS = YES;
				GCC_OPTIMIZATION_LEVEL = 0;
				GCC_PREPROCESSOR_DEFINITIONS = (
					"DEBUG=1",
					"$(inherited)",
				);
				GCC_WARN_64_TO_32_BIT_CONVERSION = YES;
				GCC_WARN_ABOUT_RETURN_TYPE = YES_ERROR;
				GCC_WARN_UNDECLARED_SELECTOR = YES;
				GCC_WARN_UNINITIALIZED_AUTOS = YES_AGGRESSIVE;
				GCC_WARN_UNUSED_FUNCTION = YES;
				GCC_WARN_UNUSED_VARIABLE = YES;
				IPHONEOS_DEPLOYMENT_TARGET = 16.4;
				MTL_ENABLE_DEBUG_INFO = INCLUDE_SOURCE;
				MTL_FAST_MATH = YES;
				ONLY_ACTIVE_ARCH = YES;
				SDKROOT = iphoneos;
				SWIFT_ACTIVE_COMPILATION_CONDITIONS = DEBUG;
				SWIFT_OPTIMIZATION_LEVEL = "-Onone";
			};
			name = Debug;
		};
		303ABC532AF3C3BA001C81CD /* Release */ = {
			isa = XCBuildConfiguration;
			buildSettings = {
				ALWAYS_SEARCH_USER_PATHS = NO;
				CLANG_ANALYZER_NONNULL = YES;
				CLANG_ANALYZER_NUMBER_OBJECT_CONVERSION = YES_AGGRESSIVE;
				CLANG_CXX_LANGUAGE_STANDARD = "gnu++20";
				CLANG_ENABLE_MODULES = YES;
				CLANG_ENABLE_OBJC_ARC = YES;
				CLANG_ENABLE_OBJC_WEAK = YES;
				CLANG_WARN_BLOCK_CAPTURE_AUTORELEASING = YES;
				CLANG_WARN_BOOL_CONVERSION = YES;
				CLANG_WARN_COMMA = YES;
				CLANG_WARN_CONSTANT_CONVERSION = YES;
				CLANG_WARN_DEPRECATED_OBJC_IMPLEMENTATIONS = YES;
				CLANG_WARN_DIRECT_OBJC_ISA_USAGE = YES_ERROR;
				CLANG_WARN_DOCUMENTATION_COMMENTS = YES;
				CLANG_WARN_EMPTY_BODY = YES;
				CLANG_WARN_ENUM_CONVERSION = YES;
				CLANG_WARN_INFINITE_RECURSION = YES;
				CLANG_WARN_INT_CONVERSION = YES;
				CLANG_WARN_NON_LITERAL_NULL_CONVERSION = YES;
				CLANG_WARN_OBJC_IMPLICIT_RETAIN_SELF = YES;
				CLANG_WARN_OBJC_LITERAL_CONVERSION = YES;
				CLANG_WARN_OBJC_ROOT_CLASS = YES_ERROR;
				CLANG_WARN_QUOTED_INCLUDE_IN_FRAMEWORK_HEADER = YES;
				CLANG_WARN_RANGE_LOOP_ANALYSIS = YES;
				CLANG_WARN_STRICT_PROTOTYPES = YES;
				CLANG_WARN_SUSPICIOUS_MOVE = YES;
				CLANG_WARN_UNGUARDED_AVAILABILITY = YES_AGGRESSIVE;
				CLANG_WARN_UNREACHABLE_CODE = YES;
				CLANG_WARN__DUPLICATE_METHOD_MATCH = YES;
				COPY_PHASE_STRIP = NO;
				DEBUG_INFORMATION_FORMAT = "dwarf-with-dsym";
				ENABLE_NS_ASSERTIONS = NO;
				ENABLE_STRICT_OBJC_MSGSEND = YES;
				GCC_C_LANGUAGE_STANDARD = gnu11;
				GCC_NO_COMMON_BLOCKS = YES;
				GCC_WARN_64_TO_32_BIT_CONVERSION = YES;
				GCC_WARN_ABOUT_RETURN_TYPE = YES_ERROR;
				GCC_WARN_UNDECLARED_SELECTOR = YES;
				GCC_WARN_UNINITIALIZED_AUTOS = YES_AGGRESSIVE;
				GCC_WARN_UNUSED_FUNCTION = YES;
				GCC_WARN_UNUSED_VARIABLE = YES;
				IPHONEOS_DEPLOYMENT_TARGET = 16.4;
				MTL_ENABLE_DEBUG_INFO = NO;
				MTL_FAST_MATH = YES;
				SDKROOT = iphoneos;
				SWIFT_COMPILATION_MODE = wholemodule;
				SWIFT_OPTIMIZATION_LEVEL = "-O";
				VALIDATE_PRODUCT = YES;
			};
			name = Release;
		};
		303ABC552AF3C3BA001C81CD /* Debug */ = {
			isa = XCBuildConfiguration;
			buildSettings = {
				ASSETCATALOG_COMPILER_APPICON_NAME = AppIcon;
				ASSETCATALOG_COMPILER_GLOBAL_ACCENT_COLOR_NAME = AccentColor;
				CODE_SIGN_STYLE = Automatic;
				CURRENT_PROJECT_VERSION = 1;
				DEVELOPMENT_ASSET_PATHS = "\"Core_Bluetooth/Preview Content\"";
				DEVELOPMENT_TEAM = AD5867JV95;
				ENABLE_PREVIEWS = YES;
				GENERATE_INFOPLIST_FILE = YES;
				INFOPLIST_KEY_NSBluetoothPeripheralUsageDescription = "Please allow bluetooth to look for peripherals";
				INFOPLIST_KEY_UIApplicationSceneManifest_Generation = YES;
				INFOPLIST_KEY_UIApplicationSupportsIndirectInputEvents = YES;
				INFOPLIST_KEY_UILaunchScreen_Generation = YES;
				INFOPLIST_KEY_UISupportedInterfaceOrientations_iPad = "UIInterfaceOrientationPortrait UIInterfaceOrientationPortraitUpsideDown UIInterfaceOrientationLandscapeLeft UIInterfaceOrientationLandscapeRight";
				INFOPLIST_KEY_UISupportedInterfaceOrientations_iPhone = "UIInterfaceOrientationPortrait UIInterfaceOrientationLandscapeLeft UIInterfaceOrientationLandscapeRight";
				LD_RUNPATH_SEARCH_PATHS = (
					"$(inherited)",
					"@executable_path/Frameworks",
				);
				MARKETING_VERSION = 1.0;
				PRODUCT_BUNDLE_IDENTIFIER = "com.davidsilva.Core-Bluetooth";
				PRODUCT_NAME = "$(TARGET_NAME)";
				SWIFT_EMIT_LOC_STRINGS = YES;
				SWIFT_VERSION = 5.0;
				TARGETED_DEVICE_FAMILY = "1,2";
			};
			name = Debug;
		};
		303ABC562AF3C3BA001C81CD /* Release */ = {
			isa = XCBuildConfiguration;
			buildSettings = {
				ASSETCATALOG_COMPILER_APPICON_NAME = AppIcon;
				ASSETCATALOG_COMPILER_GLOBAL_ACCENT_COLOR_NAME = AccentColor;
				CODE_SIGN_STYLE = Automatic;
				CURRENT_PROJECT_VERSION = 1;
				DEVELOPMENT_ASSET_PATHS = "\"Core_Bluetooth/Preview Content\"";
				DEVELOPMENT_TEAM = AD5867JV95;
				ENABLE_PREVIEWS = YES;
				GENERATE_INFOPLIST_FILE = YES;
				INFOPLIST_KEY_NSBluetoothPeripheralUsageDescription = "Please allow bluetooth to look for peripherals";
				INFOPLIST_KEY_UIApplicationSceneManifest_Generation = YES;
				INFOPLIST_KEY_UIApplicationSupportsIndirectInputEvents = YES;
				INFOPLIST_KEY_UILaunchScreen_Generation = YES;
				INFOPLIST_KEY_UISupportedInterfaceOrientations_iPad = "UIInterfaceOrientationPortrait UIInterfaceOrientationPortraitUpsideDown UIInterfaceOrientationLandscapeLeft UIInterfaceOrientationLandscapeRight";
				INFOPLIST_KEY_UISupportedInterfaceOrientations_iPhone = "UIInterfaceOrientationPortrait UIInterfaceOrientationLandscapeLeft UIInterfaceOrientationLandscapeRight";
				LD_RUNPATH_SEARCH_PATHS = (
					"$(inherited)",
					"@executable_path/Frameworks",
				);
				MARKETING_VERSION = 1.0;
				PRODUCT_BUNDLE_IDENTIFIER = "com.davidsilva.Core-Bluetooth";
				PRODUCT_NAME = "$(TARGET_NAME)";
				SWIFT_EMIT_LOC_STRINGS = YES;
				SWIFT_VERSION = 5.0;
				TARGETED_DEVICE_FAMILY = "1,2";
			};
			name = Release;
		};
		303ABC582AF3C3BA001C81CD /* Debug */ = {
			isa = XCBuildConfiguration;
			buildSettings = {
				ALWAYS_EMBED_SWIFT_STANDARD_LIBRARIES = YES;
				BUNDLE_LOADER = "$(TEST_HOST)";
				CODE_SIGN_STYLE = Automatic;
				CURRENT_PROJECT_VERSION = 1;
				DEVELOPMENT_TEAM = AD5867JV95;
				GENERATE_INFOPLIST_FILE = YES;
				IPHONEOS_DEPLOYMENT_TARGET = 16.4;
				MARKETING_VERSION = 1.0;
				PRODUCT_BUNDLE_IDENTIFIER = "com.davidsilva.Core-BluetoothTests";
				PRODUCT_NAME = "$(TARGET_NAME)";
				SWIFT_EMIT_LOC_STRINGS = NO;
				SWIFT_VERSION = 5.0;
				TARGETED_DEVICE_FAMILY = "1,2";
				TEST_HOST = "$(BUILT_PRODUCTS_DIR)/Core_Bluetooth.app/$(BUNDLE_EXECUTABLE_FOLDER_PATH)/Core_Bluetooth";
			};
			name = Debug;
		};
		303ABC592AF3C3BA001C81CD /* Release */ = {
			isa = XCBuildConfiguration;
			buildSettings = {
				ALWAYS_EMBED_SWIFT_STANDARD_LIBRARIES = YES;
				BUNDLE_LOADER = "$(TEST_HOST)";
				CODE_SIGN_STYLE = Automatic;
				CURRENT_PROJECT_VERSION = 1;
				DEVELOPMENT_TEAM = AD5867JV95;
				GENERATE_INFOPLIST_FILE = YES;
				IPHONEOS_DEPLOYMENT_TARGET = 16.4;
				MARKETING_VERSION = 1.0;
				PRODUCT_BUNDLE_IDENTIFIER = "com.davidsilva.Core-BluetoothTests";
				PRODUCT_NAME = "$(TARGET_NAME)";
				SWIFT_EMIT_LOC_STRINGS = NO;
				SWIFT_VERSION = 5.0;
				TARGETED_DEVICE_FAMILY = "1,2";
				TEST_HOST = "$(BUILT_PRODUCTS_DIR)/Core_Bluetooth.app/$(BUNDLE_EXECUTABLE_FOLDER_PATH)/Core_Bluetooth";
			};
			name = Release;
		};
		303ABC5B2AF3C3BA001C81CD /* Debug */ = {
			isa = XCBuildConfiguration;
			buildSettings = {
				ALWAYS_EMBED_SWIFT_STANDARD_LIBRARIES = YES;
				CODE_SIGN_STYLE = Automatic;
				CURRENT_PROJECT_VERSION = 1;
				DEVELOPMENT_TEAM = AD5867JV95;
				GENERATE_INFOPLIST_FILE = YES;
				MARKETING_VERSION = 1.0;
				PRODUCT_BUNDLE_IDENTIFIER = "com.davidsilva.Core-BluetoothUITests";
				PRODUCT_NAME = "$(TARGET_NAME)";
				SWIFT_EMIT_LOC_STRINGS = NO;
				SWIFT_VERSION = 5.0;
				TARGETED_DEVICE_FAMILY = "1,2";
				TEST_TARGET_NAME = Core_Bluetooth;
			};
			name = Debug;
		};
		303ABC5C2AF3C3BA001C81CD /* Release */ = {
			isa = XCBuildConfiguration;
			buildSettings = {
				ALWAYS_EMBED_SWIFT_STANDARD_LIBRARIES = YES;
				CODE_SIGN_STYLE = Automatic;
				CURRENT_PROJECT_VERSION = 1;
				DEVELOPMENT_TEAM = AD5867JV95;
				GENERATE_INFOPLIST_FILE = YES;
				MARKETING_VERSION = 1.0;
				PRODUCT_BUNDLE_IDENTIFIER = "com.davidsilva.Core-BluetoothUITests";
				PRODUCT_NAME = "$(TARGET_NAME)";
				SWIFT_EMIT_LOC_STRINGS = NO;
				SWIFT_VERSION = 5.0;
				TARGETED_DEVICE_FAMILY = "1,2";
				TEST_TARGET_NAME = Core_Bluetooth;
			};
			name = Release;
		};
/* End XCBuildConfiguration section */

/* Begin XCConfigurationList section */
		303ABC2B2AF3C3B8001C81CD /* Build configuration list for PBXProject "Core_Bluetooth" */ = {
			isa = XCConfigurationList;
			buildConfigurations = (
				303ABC522AF3C3BA001C81CD /* Debug */,
				303ABC532AF3C3BA001C81CD /* Release */,
			);
			defaultConfigurationIsVisible = 0;
			defaultConfigurationName = Release;
		};
		303ABC542AF3C3BA001C81CD /* Build configuration list for PBXNativeTarget "Core_Bluetooth" */ = {
			isa = XCConfigurationList;
			buildConfigurations = (
				303ABC552AF3C3BA001C81CD /* Debug */,
				303ABC562AF3C3BA001C81CD /* Release */,
			);
			defaultConfigurationIsVisible = 0;
			defaultConfigurationName = Release;
		};
		303ABC572AF3C3BA001C81CD /* Build configuration list for PBXNativeTarget "Core_BluetoothTests" */ = {
			isa = XCConfigurationList;
			buildConfigurations = (
				303ABC582AF3C3BA001C81CD /* Debug */,
				303ABC592AF3C3BA001C81CD /* Release */,
			);
			defaultConfigurationIsVisible = 0;
			defaultConfigurationName = Release;
		};
		303ABC5A2AF3C3BA001C81CD /* Build configuration list for PBXNativeTarget "Core_BluetoothUITests" */ = {
			isa = XCConfigurationList;
			buildConfigurations = (
				303ABC5B2AF3C3BA001C81CD /* Debug */,
				303ABC5C2AF3C3BA001C81CD /* Release */,
			);
			defaultConfigurationIsVisible = 0;
			defaultConfigurationName = Release;
		};
/* End XCConfigurationList section */
	};
	rootObject = 303ABC282AF3C3B8001C81CD /* Project object */;
}
